// !$*UTF8*$!
{
	archiveVersion = 1;
	classes = {
	};
	objectVersion = 56;
	objects = {

/* Begin PBXBuildFile section */
		6976BAAD2A79354600776D18 /* AppDelegate.swift in Sources */ = {isa = PBXBuildFile; fileRef = 6976BAAC2A79354600776D18 /* AppDelegate.swift */; };
		6976BAAF2A79354600776D18 /* SceneDelegate.swift in Sources */ = {isa = PBXBuildFile; fileRef = 6976BAAE2A79354600776D18 /* SceneDelegate.swift */; };
		6976BAB12A79354600776D18 /* ViewController.swift in Sources */ = {isa = PBXBuildFile; fileRef = 6976BAB02A79354600776D18 /* ViewController.swift */; };
		6976BAB42A79354600776D18 /* Main.storyboard in Resources */ = {isa = PBXBuildFile; fileRef = 6976BAB22A79354600776D18 /* Main.storyboard */; };
		6976BAB62A79354800776D18 /* Assets.xcassets in Resources */ = {isa = PBXBuildFile; fileRef = 6976BAB52A79354800776D18 /* Assets.xcassets */; };
		6976BAB92A79354800776D18 /* LaunchScreen.storyboard in Resources */ = {isa = PBXBuildFile; fileRef = 6976BAB72A79354800776D18 /* LaunchScreen.storyboard */; };
		69A8EDA12A7FA7A100AE40E7 /* AlertKit in Frameworks */ = {isa = PBXBuildFile; productRef = 69A8EDA02A7FA7A100AE40E7 /* AlertKit */; };
		69F454C52A7D3D8500155F5A /* Extensions.swift in Sources */ = {isa = PBXBuildFile; fileRef = 69F454C42A7D3D8500155F5A /* Extensions.swift */; };
		69F454C92A7D440300155F5A /* GoogleService-Info.plist in Resources */ = {isa = PBXBuildFile; fileRef = 69F454C82A7D440300155F5A /* GoogleService-Info.plist */; };
		69F454CC2A7D45BC00155F5A /* FirebaseStorage in Frameworks */ = {isa = PBXBuildFile; productRef = 69F454CB2A7D45BC00155F5A /* FirebaseStorage */; };
/* End PBXBuildFile section */

/* Begin PBXFileReference section */
		6976BAA92A79354600776D18 /* ARPosture.app */ = {isa = PBXFileReference; explicitFileType = wrapper.application; includeInIndex = 0; path = ARPosture.app; sourceTree = BUILT_PRODUCTS_DIR; };
		6976BAAC2A79354600776D18 /* AppDelegate.swift */ = {isa = PBXFileReference; lastKnownFileType = sourcecode.swift; path = AppDelegate.swift; sourceTree = "<group>"; };
		6976BAAE2A79354600776D18 /* SceneDelegate.swift */ = {isa = PBXFileReference; lastKnownFileType = sourcecode.swift; path = SceneDelegate.swift; sourceTree = "<group>"; };
		6976BAB02A79354600776D18 /* ViewController.swift */ = {isa = PBXFileReference; lastKnownFileType = sourcecode.swift; path = ViewController.swift; sourceTree = "<group>"; };
		6976BAB32A79354600776D18 /* Base */ = {isa = PBXFileReference; lastKnownFileType = file.storyboard; name = Base; path = Base.lproj/Main.storyboard; sourceTree = "<group>"; };
		6976BAB52A79354800776D18 /* Assets.xcassets */ = {isa = PBXFileReference; lastKnownFileType = folder.assetcatalog; path = Assets.xcassets; sourceTree = "<group>"; };
		6976BAB82A79354800776D18 /* Base */ = {isa = PBXFileReference; lastKnownFileType = file.storyboard; name = Base; path = Base.lproj/LaunchScreen.storyboard; sourceTree = "<group>"; };
		6976BABA2A79354800776D18 /* Info.plist */ = {isa = PBXFileReference; lastKnownFileType = text.plist.xml; path = Info.plist; sourceTree = "<group>"; };
		69F454C42A7D3D8500155F5A /* Extensions.swift */ = {isa = PBXFileReference; lastKnownFileType = sourcecode.swift; path = Extensions.swift; sourceTree = "<group>"; };
		69F454C82A7D440300155F5A /* GoogleService-Info.plist */ = {isa = PBXFileReference; lastKnownFileType = text.plist.xml; path = "GoogleService-Info.plist"; sourceTree = "<group>"; };
/* End PBXFileReference section */

/* Begin PBXFrameworksBuildPhase section */
		6976BAA62A79354600776D18 /* Frameworks */ = {
			isa = PBXFrameworksBuildPhase;
			buildActionMask = 2147483647;
			files = (
				69A8EDA12A7FA7A100AE40E7 /* AlertKit in Frameworks */,
				69F454CC2A7D45BC00155F5A /* FirebaseStorage in Frameworks */,
			);
			runOnlyForDeploymentPostprocessing = 0;
		};
/* End PBXFrameworksBuildPhase section */

/* Begin PBXGroup section */
		6976BAA02A79354600776D18 = {
			isa = PBXGroup;
			children = (
				6976BAAB2A79354600776D18 /* ARPosture */,
				6976BAAA2A79354600776D18 /* Products */,
			);
			sourceTree = "<group>";
		};
		6976BAAA2A79354600776D18 /* Products */ = {
			isa = PBXGroup;
			children = (
				6976BAA92A79354600776D18 /* ARPosture.app */,
			);
			name = Products;
			sourceTree = "<group>";
		};
		6976BAAB2A79354600776D18 /* ARPosture */ = {
			isa = PBXGroup;
			children = (
				6976BAAC2A79354600776D18 /* AppDelegate.swift */,
				6976BAAE2A79354600776D18 /* SceneDelegate.swift */,
				6976BAB02A79354600776D18 /* ViewController.swift */,
				69F454C42A7D3D8500155F5A /* Extensions.swift */,
				6976BAB22A79354600776D18 /* Main.storyboard */,
				6976BAB52A79354800776D18 /* Assets.xcassets */,
				6976BAB72A79354800776D18 /* LaunchScreen.storyboard */,
				6976BABA2A79354800776D18 /* Info.plist */,
				69F454C82A7D440300155F5A /* GoogleService-Info.plist */,
			);
			path = ARPosture;
			sourceTree = "<group>";
		};
/* End PBXGroup section */

/* Begin PBXNativeTarget section */
		6976BAA82A79354600776D18 /* ARPosture */ = {
			isa = PBXNativeTarget;
			buildConfigurationList = 6976BABD2A79354800776D18 /* Build configuration list for PBXNativeTarget "ARPosture" */;
			buildPhases = (
				6976BAA52A79354600776D18 /* Sources */,
				6976BAA62A79354600776D18 /* Frameworks */,
				6976BAA72A79354600776D18 /* Resources */,
			);
			buildRules = (
			);
			dependencies = (
			);
			name = ARPosture;
			packageProductDependencies = (
				69F454CB2A7D45BC00155F5A /* FirebaseStorage */,
				69A8EDA02A7FA7A100AE40E7 /* AlertKit */,
			);
			productName = ARPosture;
			productReference = 6976BAA92A79354600776D18 /* ARPosture.app */;
			productType = "com.apple.product-type.application";
		};
/* End PBXNativeTarget section */

/* Begin PBXProject section */
		6976BAA12A79354600776D18 /* Project object */ = {
			isa = PBXProject;
			attributes = {
				BuildIndependentTargetsInParallel = 1;
				LastSwiftUpdateCheck = 1420;
				LastUpgradeCheck = 1420;
				TargetAttributes = {
					6976BAA82A79354600776D18 = {
						CreatedOnToolsVersion = 14.2;
					};
				};
			};
			buildConfigurationList = 6976BAA42A79354600776D18 /* Build configuration list for PBXProject "ARPosture" */;
			compatibilityVersion = "Xcode 14.0";
			developmentRegion = en;
			hasScannedForEncodings = 0;
			knownRegions = (
				en,
				Base,
			);
			mainGroup = 6976BAA02A79354600776D18;
			packageReferences = (
				69F454CA2A7D45BC00155F5A /* XCRemoteSwiftPackageReference "firebase-ios-sdk" */,
				69A8ED9F2A7FA7A100AE40E7 /* XCRemoteSwiftPackageReference "AlertKit" */,
			);
			productRefGroup = 6976BAAA2A79354600776D18 /* Products */;
			projectDirPath = "";
			projectRoot = "";
			targets = (
				6976BAA82A79354600776D18 /* ARPosture */,
			);
		};
/* End PBXProject section */

/* Begin PBXResourcesBuildPhase section */
		6976BAA72A79354600776D18 /* Resources */ = {
			isa = PBXResourcesBuildPhase;
			buildActionMask = 2147483647;
			files = (
				6976BAB92A79354800776D18 /* LaunchScreen.storyboard in Resources */,
				69F454C92A7D440300155F5A /* GoogleService-Info.plist in Resources */,
				6976BAB62A79354800776D18 /* Assets.xcassets in Resources */,
				6976BAB42A79354600776D18 /* Main.storyboard in Resources */,
			);
			runOnlyForDeploymentPostprocessing = 0;
		};
/* End PBXResourcesBuildPhase section */

/* Begin PBXSourcesBuildPhase section */
		6976BAA52A79354600776D18 /* Sources */ = {
			isa = PBXSourcesBuildPhase;
			buildActionMask = 2147483647;
			files = (
				69F454C52A7D3D8500155F5A /* Extensions.swift in Sources */,
				6976BAB12A79354600776D18 /* ViewController.swift in Sources */,
				6976BAAD2A79354600776D18 /* AppDelegate.swift in Sources */,
				6976BAAF2A79354600776D18 /* SceneDelegate.swift in Sources */,
			);
			runOnlyForDeploymentPostprocessing = 0;
		};
/* End PBXSourcesBuildPhase section */

/* Begin PBXVariantGroup section */
		6976BAB22A79354600776D18 /* Main.storyboard */ = {
			isa = PBXVariantGroup;
			children = (
				6976BAB32A79354600776D18 /* Base */,
			);
			name = Main.storyboard;
			sourceTree = "<group>";
		};
		6976BAB72A79354800776D18 /* LaunchScreen.storyboard */ = {
			isa = PBXVariantGroup;
			children = (
				6976BAB82A79354800776D18 /* Base */,
			);
			name = LaunchScreen.storyboard;
			sourceTree = "<group>";
		};
/* End PBXVariantGroup section */

/* Begin XCBuildConfiguration section */
		6976BABB2A79354800776D18 /* Debug */ = {
			isa = XCBuildConfiguration;
			buildSettings = {
				ALWAYS_SEARCH_USER_PATHS = NO;
				CLANG_ANALYZER_NONNULL = YES;
				CLANG_ANALYZER_NUMBER_OBJECT_CONVERSION = YES_AGGRESSIVE;
				CLANG_CXX_LANGUAGE_STANDARD = "gnu++20";
				CLANG_ENABLE_MODULES = YES;
				CLANG_ENABLE_OBJC_ARC = YES;
				CLANG_ENABLE_OBJC_WEAK = YES;
				CLANG_WARN_BLOCK_CAPTURE_AUTORELEASING = YES;
				CLANG_WARN_BOOL_CONVERSION = YES;
				CLANG_WARN_COMMA = YES;
				CLANG_WARN_CONSTANT_CONVERSION = YES;
				CLANG_WARN_DEPRECATED_OBJC_IMPLEMENTATIONS = YES;
				CLANG_WARN_DIRECT_OBJC_ISA_USAGE = YES_ERROR;
				CLANG_WARN_DOCUMENTATION_COMMENTS = YES;
				CLANG_WARN_EMPTY_BODY = YES;
				CLANG_WARN_ENUM_CONVERSION = YES;
				CLANG_WARN_INFINITE_RECURSION = YES;
				CLANG_WARN_INT_CONVERSION = YES;
				CLANG_WARN_NON_LITERAL_NULL_CONVERSION = YES;
				CLANG_WARN_OBJC_IMPLICIT_RETAIN_SELF = YES;
				CLANG_WARN_OBJC_LITERAL_CONVERSION = YES;
				CLANG_WARN_OBJC_ROOT_CLASS = YES_ERROR;
				CLANG_WARN_QUOTED_INCLUDE_IN_FRAMEWORK_HEADER = YES;
				CLANG_WARN_RANGE_LOOP_ANALYSIS = YES;
				CLANG_WARN_STRICT_PROTOTYPES = YES;
				CLANG_WARN_SUSPICIOUS_MOVE = YES;
				CLANG_WARN_UNGUARDED_AVAILABILITY = YES_AGGRESSIVE;
				CLANG_WARN_UNREACHABLE_CODE = YES;
				CLANG_WARN__DUPLICATE_METHOD_MATCH = YES;
				COPY_PHASE_STRIP = NO;
				DEBUG_INFORMATION_FORMAT = dwarf;
				ENABLE_STRICT_OBJC_MSGSEND = YES;
				ENABLE_TESTABILITY = YES;
				GCC_C_LANGUAGE_STANDARD = gnu11;
				GCC_DYNAMIC_NO_PIC = NO;
				GCC_NO_COMMON_BLOCKS = YES;
				GCC_OPTIMIZATION_LEVEL = 0;
				GCC_PREPROCESSOR_DEFINITIONS = (
					"DEBUG=1",
					"$(inherited)",
				);
				GCC_WARN_64_TO_32_BIT_CONVERSION = YES;
				GCC_WARN_ABOUT_RETURN_TYPE = YES_ERROR;
				GCC_WARN_UNDECLARED_SELECTOR = YES;
				GCC_WARN_UNINITIALIZED_AUTOS = YES_AGGRESSIVE;
				GCC_WARN_UNUSED_FUNCTION = YES;
				GCC_WARN_UNUSED_VARIABLE = YES;
				IPHONEOS_DEPLOYMENT_TARGET = 16.2;
				MTL_ENABLE_DEBUG_INFO = INCLUDE_SOURCE;
				MTL_FAST_MATH = YES;
				ONLY_ACTIVE_ARCH = YES;
				SDKROOT = iphoneos;
				SWIFT_ACTIVE_COMPILATION_CONDITIONS = DEBUG;
				SWIFT_OPTIMIZATION_LEVEL = "-Onone";
			};
			name = Debug;
		};
		6976BABC2A79354800776D18 /* Release */ = {
			isa = XCBuildConfiguration;
			buildSettings = {
				ALWAYS_SEARCH_USER_PATHS = NO;
				CLANG_ANALYZER_NONNULL = YES;
				CLANG_ANALYZER_NUMBER_OBJECT_CONVERSION = YES_AGGRESSIVE;
				CLANG_CXX_LANGUAGE_STANDARD = "gnu++20";
				CLANG_ENABLE_MODULES = YES;
				CLANG_ENABLE_OBJC_ARC = YES;
				CLANG_ENABLE_OBJC_WEAK = YES;
				CLANG_WARN_BLOCK_CAPTURE_AUTORELEASING = YES;
				CLANG_WARN_BOOL_CONVERSION = YES;
				CLANG_WARN_COMMA = YES;
				CLANG_WARN_CONSTANT_CONVERSION = YES;
				CLANG_WARN_DEPRECATED_OBJC_IMPLEMENTATIONS = YES;
				CLANG_WARN_DIRECT_OBJC_ISA_USAGE = YES_ERROR;
				CLANG_WARN_DOCUMENTATION_COMMENTS = YES;
				CLANG_WARN_EMPTY_BODY = YES;
				CLANG_WARN_ENUM_CONVERSION = YES;
				CLANG_WARN_INFINITE_RECURSION = YES;
				CLANG_WARN_INT_CONVERSION = YES;
				CLANG_WARN_NON_LITERAL_NULL_CONVERSION = YES;
				CLANG_WARN_OBJC_IMPLICIT_RETAIN_SELF = YES;
				CLANG_WARN_OBJC_LITERAL_CONVERSION = YES;
				CLANG_WARN_OBJC_ROOT_CLASS = YES_ERROR;
				CLANG_WARN_QUOTED_INCLUDE_IN_FRAMEWORK_HEADER = YES;
				CLANG_WARN_RANGE_LOOP_ANALYSIS = YES;
				CLANG_WARN_STRICT_PROTOTYPES = YES;
				CLANG_WARN_SUSPICIOUS_MOVE = YES;
				CLANG_WARN_UNGUARDED_AVAILABILITY = YES_AGGRESSIVE;
				CLANG_WARN_UNREACHABLE_CODE = YES;
				CLANG_WARN__DUPLICATE_METHOD_MATCH = YES;
				COPY_PHASE_STRIP = NO;
				DEBUG_INFORMATION_FORMAT = "dwarf-with-dsym";
				ENABLE_NS_ASSERTIONS = NO;
				ENABLE_STRICT_OBJC_MSGSEND = YES;
				GCC_C_LANGUAGE_STANDARD = gnu11;
				GCC_NO_COMMON_BLOCKS = YES;
				GCC_WARN_64_TO_32_BIT_CONVERSION = YES;
				GCC_WARN_ABOUT_RETURN_TYPE = YES_ERROR;
				GCC_WARN_UNDECLARED_SELECTOR = YES;
				GCC_WARN_UNINITIALIZED_AUTOS = YES_AGGRESSIVE;
				GCC_WARN_UNUSED_FUNCTION = YES;
				GCC_WARN_UNUSED_VARIABLE = YES;
				IPHONEOS_DEPLOYMENT_TARGET = 16.2;
				MTL_ENABLE_DEBUG_INFO = NO;
				MTL_FAST_MATH = YES;
				SDKROOT = iphoneos;
				SWIFT_COMPILATION_MODE = wholemodule;
				SWIFT_OPTIMIZATION_LEVEL = "-O";
				VALIDATE_PRODUCT = YES;
			};
			name = Release;
		};
		6976BABE2A79354800776D18 /* Debug */ = {
			isa = XCBuildConfiguration;
			buildSettings = {
				ASSETCATALOG_COMPILER_APPICON_NAME = AppIcon;
				ASSETCATALOG_COMPILER_GLOBAL_ACCENT_COLOR_NAME = AccentColor;
				CODE_SIGN_STYLE = Automatic;
				CURRENT_PROJECT_VERSION = 1;
				DEVELOPMENT_TEAM = QA37UM2X26;
				GENERATE_INFOPLIST_FILE = YES;
				INFOPLIST_FILE = ARPosture/Info.plist;
				INFOPLIST_KEY_UIApplicationSupportsIndirectInputEvents = YES;
				INFOPLIST_KEY_UILaunchStoryboardName = LaunchScreen;
				INFOPLIST_KEY_UIMainStoryboardFile = Main;
				INFOPLIST_KEY_UISupportedInterfaceOrientations_iPad = "UIInterfaceOrientationPortrait UIInterfaceOrientationPortraitUpsideDown UIInterfaceOrientationLandscapeLeft UIInterfaceOrientationLandscapeRight";
				INFOPLIST_KEY_UISupportedInterfaceOrientations_iPhone = "UIInterfaceOrientationPortrait UIInterfaceOrientationLandscapeLeft UIInterfaceOrientationLandscapeRight";
				LD_RUNPATH_SEARCH_PATHS = (
					"$(inherited)",
					"@executable_path/Frameworks",
				);
				MARKETING_VERSION = 1.0;
				PRODUCT_BUNDLE_IDENTIFIER = com.aliceorlandini.ARPosture;
				PRODUCT_NAME = "$(TARGET_NAME)";
				SWIFT_EMIT_LOC_STRINGS = YES;
				SWIFT_VERSION = 5.0;
				TARGETED_DEVICE_FAMILY = "1,2";
			};
			name = Debug;
		};
		6976BABF2A79354800776D18 /* Release */ = {
			isa = XCBuildConfiguration;
			buildSettings = {
				ASSETCATALOG_COMPILER_APPICON_NAME = AppIcon;
				ASSETCATALOG_COMPILER_GLOBAL_ACCENT_COLOR_NAME = AccentColor;
				CODE_SIGN_STYLE = Automatic;
				CURRENT_PROJECT_VERSION = 1;
				DEVELOPMENT_TEAM = QA37UM2X26;
				GENERATE_INFOPLIST_FILE = YES;
				INFOPLIST_FILE = ARPosture/Info.plist;
				INFOPLIST_KEY_UIApplicationSupportsIndirectInputEvents = YES;
				INFOPLIST_KEY_UILaunchStoryboardName = LaunchScreen;
				INFOPLIST_KEY_UIMainStoryboardFile = Main;
				INFOPLIST_KEY_UISupportedInterfaceOrientations_iPad = "UIInterfaceOrientationPortrait UIInterfaceOrientationPortraitUpsideDown UIInterfaceOrientationLandscapeLeft UIInterfaceOrientationLandscapeRight";
				INFOPLIST_KEY_UISupportedInterfaceOrientations_iPhone = "UIInterfaceOrientationPortrait UIInterfaceOrientationLandscapeLeft UIInterfaceOrientationLandscapeRight";
				LD_RUNPATH_SEARCH_PATHS = (
					"$(inherited)",
					"@executable_path/Frameworks",
				);
				MARKETING_VERSION = 1.0;
				PRODUCT_BUNDLE_IDENTIFIER = com.aliceorlandini.ARPosture;
				PRODUCT_NAME = "$(TARGET_NAME)";
				SWIFT_EMIT_LOC_STRINGS = YES;
				SWIFT_VERSION = 5.0;
				TARGETED_DEVICE_FAMILY = "1,2";
			};
			name = Release;
		};
/* End XCBuildConfiguration section */

/* Begin XCConfigurationList section */
		6976BAA42A79354600776D18 /* Build configuration list for PBXProject "ARPosture" */ = {
			isa = XCConfigurationList;
			buildConfigurations = (
				6976BABB2A79354800776D18 /* Debug */,
				6976BABC2A79354800776D18 /* Release */,
			);
			defaultConfigurationIsVisible = 0;
			defaultConfigurationName = Release;
		};
		6976BABD2A79354800776D18 /* Build configuration list for PBXNativeTarget "ARPosture" */ = {
			isa = XCConfigurationList;
			buildConfigurations = (
				6976BABE2A79354800776D18 /* Debug */,
				6976BABF2A79354800776D18 /* Release */,
			);
			defaultConfigurationIsVisible = 0;
			defaultConfigurationName = Release;
		};
/* End XCConfigurationList section */

/* Begin XCRemoteSwiftPackageReference section */
		69A8ED9F2A7FA7A100AE40E7 /* XCRemoteSwiftPackageReference "AlertKit" */ = {
			isa = XCRemoteSwiftPackageReference;
			repositoryURL = "https://github.com/sparrowcode/AlertKit";
			requirement = {
				kind = upToNextMajorVersion;
				minimumVersion = 5.0.0;
			};
		};
		69F454CA2A7D45BC00155F5A /* XCRemoteSwiftPackageReference "firebase-ios-sdk" */ = {
			isa = XCRemoteSwiftPackageReference;
			repositoryURL = "https://github.com/firebase/firebase-ios-sdk";
			requirement = {
				kind = upToNextMajorVersion;
				minimumVersion = 9.0.0;
			};
		};
/* End XCRemoteSwiftPackageReference section */

/* Begin XCSwiftPackageProductDependency section */
		69A8EDA02A7FA7A100AE40E7 /* AlertKit */ = {
			isa = XCSwiftPackageProductDependency;
			package = 69A8ED9F2A7FA7A100AE40E7 /* XCRemoteSwiftPackageReference "AlertKit" */;
			productName = AlertKit;
		};
		69F454CB2A7D45BC00155F5A /* FirebaseStorage */ = {
			isa = XCSwiftPackageProductDependency;
			package = 69F454CA2A7D45BC00155F5A /* XCRemoteSwiftPackageReference "firebase-ios-sdk" */;
			productName = FirebaseStorage;
		};
/* End XCSwiftPackageProductDependency section */
	};
	rootObject = 6976BAA12A79354600776D18 /* Project object */;
}
